// !$*UTF8*$!
{
	archiveVersion = 1;
	classes = {
	};
	objectVersion = 52;
	objects = {

/* Begin PBXBuildFile section */
		D81896EE2492DE1100440DE0 /* LoggerApp.swift in Sources */ = {isa = PBXBuildFile; fileRef = D81896ED2492DE1100440DE0 /* LoggerApp.swift */; };
		D81896F22492DE1100440DE0 /* ItemList.swift in Sources */ = {isa = PBXBuildFile; fileRef = D81896F12492DE1100440DE0 /* ItemList.swift */; };
		D81896F42492DE1200440DE0 /* Assets.xcassets in Resources */ = {isa = PBXBuildFile; fileRef = D81896F32492DE1200440DE0 /* Assets.xcassets */; };
		D81896F72492DE1200440DE0 /* Preview Assets.xcassets in Resources */ = {isa = PBXBuildFile; fileRef = D81896F62492DE1200440DE0 /* Preview Assets.xcassets */; };
		D81896FA2492DE1200440DE0 /* LaunchScreen.storyboard in Resources */ = {isa = PBXBuildFile; fileRef = D81896F82492DE1200440DE0 /* LaunchScreen.storyboard */; };
		D81C476425C39B6500B0DC43 /* LoggerStore.swift in Sources */ = {isa = PBXBuildFile; fileRef = D81C476325C39B6500B0DC43 /* LoggerStore.swift */; };
		D81C476725C3A08B00B0DC43 /* ComposerExpandedView.swift in Sources */ = {isa = PBXBuildFile; fileRef = D81C476625C3A08B00B0DC43 /* ComposerExpandedView.swift */; };
		D81C476B25C5CE6B00B0DC43 /* ComposerView.swift in Sources */ = {isa = PBXBuildFile; fileRef = D81C476A25C5CE6B00B0DC43 /* ComposerView.swift */; };
		D81F77FB260CEB3A005D912D /* Weather.swift in Sources */ = {isa = PBXBuildFile; fileRef = D81F77FA260CEB3A005D912D /* Weather.swift */; };
		D85B7AA725C0EBC100A3B822 /* Extensions.swift in Sources */ = {isa = PBXBuildFile; fileRef = D85B7AA625C0EBC100A3B822 /* Extensions.swift */; };
		D85F51D725DDD7ED00CA68F5 /* PartialSheet in Frameworks */ = {isa = PBXBuildFile; productRef = D85F51D625DDD7ED00CA68F5 /* PartialSheet */; };
		D85F51DC25E06B5400CA68F5 /* LoggerKit.framework in Frameworks */ = {isa = PBXBuildFile; fileRef = D85F51DB25E06B5400CA68F5 /* LoggerKit.framework */; };
		D8D2A07C25E2C1C500A467D6 /* ItemMenu.swift in Sources */ = {isa = PBXBuildFile; fileRef = D8D2A07B25E2C1C500A467D6 /* ItemMenu.swift */; };
/* End PBXBuildFile section */

/* Begin PBXFileReference section */
		D81896EA2492DE1100440DE0 /* Logger.app */ = {isa = PBXFileReference; explicitFileType = wrapper.application; includeInIndex = 0; path = Logger.app; sourceTree = BUILT_PRODUCTS_DIR; };
		D81896ED2492DE1100440DE0 /* LoggerApp.swift */ = {isa = PBXFileReference; lastKnownFileType = sourcecode.swift; path = LoggerApp.swift; sourceTree = "<group>"; };
		D81896F12492DE1100440DE0 /* ItemList.swift */ = {isa = PBXFileReference; lastKnownFileType = sourcecode.swift; path = ItemList.swift; sourceTree = "<group>"; };
		D81896F32492DE1200440DE0 /* Assets.xcassets */ = {isa = PBXFileReference; lastKnownFileType = folder.assetcatalog; path = Assets.xcassets; sourceTree = "<group>"; };
		D81896F62492DE1200440DE0 /* Preview Assets.xcassets */ = {isa = PBXFileReference; lastKnownFileType = folder.assetcatalog; path = "Preview Assets.xcassets"; sourceTree = "<group>"; };
		D81896F92492DE1200440DE0 /* Base */ = {isa = PBXFileReference; lastKnownFileType = file.storyboard; name = Base; path = Base.lproj/LaunchScreen.storyboard; sourceTree = "<group>"; };
		D81896FB2492DE1200440DE0 /* Info.plist */ = {isa = PBXFileReference; lastKnownFileType = text.plist.xml; path = Info.plist; sourceTree = "<group>"; };
		D81C476325C39B6500B0DC43 /* LoggerStore.swift */ = {isa = PBXFileReference; lastKnownFileType = sourcecode.swift; path = LoggerStore.swift; sourceTree = "<group>"; };
		D81C476625C3A08B00B0DC43 /* ComposerExpandedView.swift */ = {isa = PBXFileReference; lastKnownFileType = sourcecode.swift; path = ComposerExpandedView.swift; sourceTree = "<group>"; };
		D81C476A25C5CE6B00B0DC43 /* ComposerView.swift */ = {isa = PBXFileReference; lastKnownFileType = sourcecode.swift; path = ComposerView.swift; sourceTree = "<group>"; };
		D81F77FA260CEB3A005D912D /* Weather.swift */ = {isa = PBXFileReference; lastKnownFileType = sourcecode.swift; path = Weather.swift; sourceTree = "<group>"; };
		D85B7AA625C0EBC100A3B822 /* Extensions.swift */ = {isa = PBXFileReference; lastKnownFileType = sourcecode.swift; path = Extensions.swift; sourceTree = "<group>"; };
		D85F51DB25E06B5400CA68F5 /* LoggerKit.framework */ = {isa = PBXFileReference; lastKnownFileType = wrapper.framework; name = LoggerKit.framework; path = Frameworks/LoggerKit.framework; sourceTree = "<group>"; };
		D8D2A07B25E2C1C500A467D6 /* ItemMenu.swift */ = {isa = PBXFileReference; lastKnownFileType = sourcecode.swift; path = ItemMenu.swift; sourceTree = "<group>"; };
/* End PBXFileReference section */

/* Begin PBXFrameworksBuildPhase section */
		D81896E72492DE1100440DE0 /* Frameworks */ = {
			isa = PBXFrameworksBuildPhase;
			buildActionMask = 2147483647;
			files = (
				D85F51D725DDD7ED00CA68F5 /* PartialSheet in Frameworks */,
				D85F51DC25E06B5400CA68F5 /* LoggerKit.framework in Frameworks */,
			);
			runOnlyForDeploymentPostprocessing = 0;
		};
/* End PBXFrameworksBuildPhase section */

/* Begin PBXGroup section */
		D81896E12492DE1100440DE0 = {
			isa = PBXGroup;
			children = (
				D81896EC2492DE1100440DE0 /* Logger */,
				D81896EB2492DE1100440DE0 /* Products */,
				D81897062492DE6300440DE0 /* Frameworks */,
			);
			sourceTree = "<group>";
		};
		D81896EB2492DE1100440DE0 /* Products */ = {
			isa = PBXGroup;
			children = (
				D81896EA2492DE1100440DE0 /* Logger.app */,
			);
			name = Products;
			sourceTree = "<group>";
		};
		D81896EC2492DE1100440DE0 /* Logger */ = {
			isa = PBXGroup;
			children = (
				D81896ED2492DE1100440DE0 /* LoggerApp.swift */,
				D81C476325C39B6500B0DC43 /* LoggerStore.swift */,
				D81896F12492DE1100440DE0 /* ItemList.swift */,
				D8D2A07B25E2C1C500A467D6 /* ItemMenu.swift */,
				D81C476A25C5CE6B00B0DC43 /* ComposerView.swift */,
				D81C476625C3A08B00B0DC43 /* ComposerExpandedView.swift */,
				D85B7AA625C0EBC100A3B822 /* Extensions.swift */,
				D81F77FA260CEB3A005D912D /* Weather.swift */,
				D81897092492DE7100440DE0 /* Support */,
				D81896F52492DE1200440DE0 /* Preview Content */,
			);
			path = Logger;
			sourceTree = "<group>";
		};
		D81896F52492DE1200440DE0 /* Preview Content */ = {
			isa = PBXGroup;
			children = (
				D81896F62492DE1200440DE0 /* Preview Assets.xcassets */,
			);
			path = "Preview Content";
			sourceTree = "<group>";
		};
		D81897062492DE6300440DE0 /* Frameworks */ = {
			isa = PBXGroup;
			children = (
				D85F51DB25E06B5400CA68F5 /* LoggerKit.framework */,
			);
			name = Frameworks;
			sourceTree = "<group>";
		};
		D81897092492DE7100440DE0 /* Support */ = {
			isa = PBXGroup;
			children = (
				D81896F32492DE1200440DE0 /* Assets.xcassets */,
				D81896F82492DE1200440DE0 /* LaunchScreen.storyboard */,
				D81896FB2492DE1200440DE0 /* Info.plist */,
			);
			path = Support;
			sourceTree = "<group>";
		};
/* End PBXGroup section */

/* Begin PBXNativeTarget section */
		D81896E92492DE1100440DE0 /* Logger */ = {
			isa = PBXNativeTarget;
			buildConfigurationList = D81896FE2492DE1200440DE0 /* Build configuration list for PBXNativeTarget "Logger" */;
			buildPhases = (
				D81896E62492DE1100440DE0 /* Sources */,
				D81896E72492DE1100440DE0 /* Frameworks */,
				D81896E82492DE1100440DE0 /* Resources */,
			);
			buildRules = (
			);
			dependencies = (
			);
			name = Logger;
			packageProductDependencies = (
				D85F51D625DDD7ED00CA68F5 /* PartialSheet */,
			);
			productName = Logger;
			productReference = D81896EA2492DE1100440DE0 /* Logger.app */;
			productType = "com.apple.product-type.application";
		};
/* End PBXNativeTarget section */

/* Begin PBXProject section */
		D81896E22492DE1100440DE0 /* Project object */ = {
			isa = PBXProject;
			attributes = {
				LastSwiftUpdateCheck = 1150;
				LastUpgradeCheck = 1230;
				ORGANIZATIONNAME = "Nathan Borror";
				TargetAttributes = {
					D81896E92492DE1100440DE0 = {
						CreatedOnToolsVersion = 11.5;
					};
				};
			};
			buildConfigurationList = D81896E52492DE1100440DE0 /* Build configuration list for PBXProject "Logger" */;
			compatibilityVersion = "Xcode 9.3";
			developmentRegion = en;
			hasScannedForEncodings = 0;
			knownRegions = (
				en,
				Base,
			);
			mainGroup = D81896E12492DE1100440DE0;
			packageReferences = (
				D85F51D525DDD7ED00CA68F5 /* XCRemoteSwiftPackageReference "PartialSheet" */,
			);
			productRefGroup = D81896EB2492DE1100440DE0 /* Products */;
			projectDirPath = "";
			projectRoot = "";
			targets = (
				D81896E92492DE1100440DE0 /* Logger */,
			);
		};
/* End PBXProject section */

/* Begin PBXResourcesBuildPhase section */
		D81896E82492DE1100440DE0 /* Resources */ = {
			isa = PBXResourcesBuildPhase;
			buildActionMask = 2147483647;
			files = (
				D81896FA2492DE1200440DE0 /* LaunchScreen.storyboard in Resources */,
				D81896F72492DE1200440DE0 /* Preview Assets.xcassets in Resources */,
				D81896F42492DE1200440DE0 /* Assets.xcassets in Resources */,
			);
			runOnlyForDeploymentPostprocessing = 0;
		};
/* End PBXResourcesBuildPhase section */

/* Begin PBXSourcesBuildPhase section */
		D81896E62492DE1100440DE0 /* Sources */ = {
			isa = PBXSourcesBuildPhase;
			buildActionMask = 2147483647;
			files = (
				D81F77FB260CEB3A005D912D /* Weather.swift in Sources */,
				D81C476725C3A08B00B0DC43 /* ComposerExpandedView.swift in Sources */,
				D81896EE2492DE1100440DE0 /* LoggerApp.swift in Sources */,
				D81C476B25C5CE6B00B0DC43 /* ComposerView.swift in Sources */,
				D85B7AA725C0EBC100A3B822 /* Extensions.swift in Sources */,
				D8D2A07C25E2C1C500A467D6 /* ItemMenu.swift in Sources */,
				D81896F22492DE1100440DE0 /* ItemList.swift in Sources */,
				D81C476425C39B6500B0DC43 /* LoggerStore.swift in Sources */,
			);
			runOnlyForDeploymentPostprocessing = 0;
		};
/* End PBXSourcesBuildPhase section */

/* Begin PBXVariantGroup section */
		D81896F82492DE1200440DE0 /* LaunchScreen.storyboard */ = {
			isa = PBXVariantGroup;
			children = (
				D81896F92492DE1200440DE0 /* Base */,
			);
			name = LaunchScreen.storyboard;
			sourceTree = "<group>";
		};
/* End PBXVariantGroup section */

/* Begin XCBuildConfiguration section */
		D81896FC2492DE1200440DE0 /* Debug */ = {
			isa = XCBuildConfiguration;
			buildSettings = {
				ALWAYS_SEARCH_USER_PATHS = NO;
				CLANG_ANALYZER_NONNULL = YES;
				CLANG_ANALYZER_NUMBER_OBJECT_CONVERSION = YES_AGGRESSIVE;
				CLANG_CXX_LANGUAGE_STANDARD = "gnu++14";
				CLANG_CXX_LIBRARY = "libc++";
				CLANG_ENABLE_MODULES = YES;
				CLANG_ENABLE_OBJC_ARC = YES;
				CLANG_ENABLE_OBJC_WEAK = YES;
				CLANG_WARN_BLOCK_CAPTURE_AUTORELEASING = YES;
				CLANG_WARN_BOOL_CONVERSION = YES;
				CLANG_WARN_COMMA = YES;
				CLANG_WARN_CONSTANT_CONVERSION = YES;
				CLANG_WARN_DEPRECATED_OBJC_IMPLEMENTATIONS = YES;
				CLANG_WARN_DIRECT_OBJC_ISA_USAGE = YES_ERROR;
				CLANG_WARN_DOCUMENTATION_COMMENTS = YES;
				CLANG_WARN_EMPTY_BODY = YES;
				CLANG_WARN_ENUM_CONVERSION = YES;
				CLANG_WARN_INFINITE_RECURSION = YES;
				CLANG_WARN_INT_CONVERSION = YES;
				CLANG_WARN_NON_LITERAL_NULL_CONVERSION = YES;
				CLANG_WARN_OBJC_IMPLICIT_RETAIN_SELF = YES;
				CLANG_WARN_OBJC_LITERAL_CONVERSION = YES;
				CLANG_WARN_OBJC_ROOT_CLASS = YES_ERROR;
				CLANG_WARN_QUOTED_INCLUDE_IN_FRAMEWORK_HEADER = YES;
				CLANG_WARN_RANGE_LOOP_ANALYSIS = YES;
				CLANG_WARN_STRICT_PROTOTYPES = YES;
				CLANG_WARN_SUSPICIOUS_MOVE = YES;
				CLANG_WARN_UNGUARDED_AVAILABILITY = YES_AGGRESSIVE;
				CLANG_WARN_UNREACHABLE_CODE = YES;
				CLANG_WARN__DUPLICATE_METHOD_MATCH = YES;
				COPY_PHASE_STRIP = NO;
				DEBUG_INFORMATION_FORMAT = dwarf;
				ENABLE_STRICT_OBJC_MSGSEND = YES;
				ENABLE_TESTABILITY = YES;
				GCC_C_LANGUAGE_STANDARD = gnu11;
				GCC_DYNAMIC_NO_PIC = NO;
				GCC_NO_COMMON_BLOCKS = YES;
				GCC_OPTIMIZATION_LEVEL = 0;
				GCC_PREPROCESSOR_DEFINITIONS = (
					"DEBUG=1",
					"$(inherited)",
				);
				GCC_WARN_64_TO_32_BIT_CONVERSION = YES;
				GCC_WARN_ABOUT_RETURN_TYPE = YES_ERROR;
				GCC_WARN_UNDECLARED_SELECTOR = YES;
				GCC_WARN_UNINITIALIZED_AUTOS = YES_AGGRESSIVE;
				GCC_WARN_UNUSED_FUNCTION = YES;
				GCC_WARN_UNUSED_VARIABLE = YES;
				IPHONEOS_DEPLOYMENT_TARGET = 14.3;
				MTL_ENABLE_DEBUG_INFO = INCLUDE_SOURCE;
				MTL_FAST_MATH = YES;
				ONLY_ACTIVE_ARCH = YES;
				SDKROOT = iphoneos;
				SWIFT_ACTIVE_COMPILATION_CONDITIONS = DEBUG;
				SWIFT_OPTIMIZATION_LEVEL = "-Onone";
			};
			name = Debug;
		};
		D81896FD2492DE1200440DE0 /* Release */ = {
			isa = XCBuildConfiguration;
			buildSettings = {
				ALWAYS_SEARCH_USER_PATHS = NO;
				CLANG_ANALYZER_NONNULL = YES;
				CLANG_ANALYZER_NUMBER_OBJECT_CONVERSION = YES_AGGRESSIVE;
				CLANG_CXX_LANGUAGE_STANDARD = "gnu++14";
				CLANG_CXX_LIBRARY = "libc++";
				CLANG_ENABLE_MODULES = YES;
				CLANG_ENABLE_OBJC_ARC = YES;
				CLANG_ENABLE_OBJC_WEAK = YES;
				CLANG_WARN_BLOCK_CAPTURE_AUTORELEASING = YES;
				CLANG_WARN_BOOL_CONVERSION = YES;
				CLANG_WARN_COMMA = YES;
				CLANG_WARN_CONSTANT_CONVERSION = YES;
				CLANG_WARN_DEPRECATED_OBJC_IMPLEMENTATIONS = YES;
				CLANG_WARN_DIRECT_OBJC_ISA_USAGE = YES_ERROR;
				CLANG_WARN_DOCUMENTATION_COMMENTS = YES;
				CLANG_WARN_EMPTY_BODY = YES;
				CLANG_WARN_ENUM_CONVERSION = YES;
				CLANG_WARN_INFINITE_RECURSION = YES;
				CLANG_WARN_INT_CONVERSION = YES;
				CLANG_WARN_NON_LITERAL_NULL_CONVERSION = YES;
				CLANG_WARN_OBJC_IMPLICIT_RETAIN_SELF = YES;
				CLANG_WARN_OBJC_LITERAL_CONVERSION = YES;
				CLANG_WARN_OBJC_ROOT_CLASS = YES_ERROR;
				CLANG_WARN_QUOTED_INCLUDE_IN_FRAMEWORK_HEADER = YES;
				CLANG_WARN_RANGE_LOOP_ANALYSIS = YES;
				CLANG_WARN_STRICT_PROTOTYPES = YES;
				CLANG_WARN_SUSPICIOUS_MOVE = YES;
				CLANG_WARN_UNGUARDED_AVAILABILITY = YES_AGGRESSIVE;
				CLANG_WARN_UNREACHABLE_CODE = YES;
				CLANG_WARN__DUPLICATE_METHOD_MATCH = YES;
				COPY_PHASE_STRIP = NO;
				DEBUG_INFORMATION_FORMAT = "dwarf-with-dsym";
				ENABLE_NS_ASSERTIONS = NO;
				ENABLE_STRICT_OBJC_MSGSEND = YES;
				GCC_C_LANGUAGE_STANDARD = gnu11;
				GCC_NO_COMMON_BLOCKS = YES;
				GCC_WARN_64_TO_32_BIT_CONVERSION = YES;
				GCC_WARN_ABOUT_RETURN_TYPE = YES_ERROR;
				GCC_WARN_UNDECLARED_SELECTOR = YES;
				GCC_WARN_UNINITIALIZED_AUTOS = YES_AGGRESSIVE;
				GCC_WARN_UNUSED_FUNCTION = YES;
				GCC_WARN_UNUSED_VARIABLE = YES;
				IPHONEOS_DEPLOYMENT_TARGET = 14.3;
				MTL_ENABLE_DEBUG_INFO = NO;
				MTL_FAST_MATH = YES;
				SDKROOT = iphoneos;
				SWIFT_COMPILATION_MODE = wholemodule;
				SWIFT_OPTIMIZATION_LEVEL = "-O";
				VALIDATE_PRODUCT = YES;
			};
			name = Release;
		};
		D81896FF2492DE1200440DE0 /* Debug */ = {
			isa = XCBuildConfiguration;
			buildSettings = {
				ASSETCATALOG_COMPILER_APPICON_NAME = AppIcon;
				CODE_SIGN_STYLE = Automatic;
				DEVELOPMENT_ASSET_PATHS = "\"Logger/Preview Content\"";
				DEVELOPMENT_TEAM = 294VZ3T33E;
				ENABLE_PREVIEWS = YES;
				FRAMEWORK_SEARCH_PATHS = (
					"$(inherited)",
					"$(PROJECT_DIR)",
					"$(PROJECT_DIR)/Frameworks",
				);
				INFOPLIST_FILE = Logger/Support/Info.plist;
				LD_RUNPATH_SEARCH_PATHS = (
					"$(inherited)",
					"@executable_path/Frameworks",
				);
				PRODUCT_BUNDLE_IDENTIFIER = run.nathan.Logger;
				PRODUCT_NAME = "$(TARGET_NAME)";
				SWIFT_VERSION = 5.0;
				TARGETED_DEVICE_FAMILY = 1;
			};
			name = Debug;
		};
		D81897002492DE1200440DE0 /* Release */ = {
			isa = XCBuildConfiguration;
			buildSettings = {
				ASSETCATALOG_COMPILER_APPICON_NAME = AppIcon;
				CODE_SIGN_STYLE = Automatic;
				DEVELOPMENT_ASSET_PATHS = "\"Logger/Preview Content\"";
				DEVELOPMENT_TEAM = 294VZ3T33E;
				ENABLE_PREVIEWS = YES;
				FRAMEWORK_SEARCH_PATHS = (
					"$(inherited)",
					"$(PROJECT_DIR)",
					"$(PROJECT_DIR)/Frameworks",
				);
				INFOPLIST_FILE = Logger/Support/Info.plist;
				LD_RUNPATH_SEARCH_PATHS = (
					"$(inherited)",
					"@executable_path/Frameworks",
				);
				PRODUCT_BUNDLE_IDENTIFIER = run.nathan.Logger;
				PRODUCT_NAME = "$(TARGET_NAME)";
				SWIFT_VERSION = 5.0;
				TARGETED_DEVICE_FAMILY = 1;
			};
			name = Release;
		};
/* End XCBuildConfiguration section */

/* Begin XCConfigurationList section */
		D81896E52492DE1100440DE0 /* Build configuration list for PBXProject "Logger" */ = {
			isa = XCConfigurationList;
			buildConfigurations = (
				D81896FC2492DE1200440DE0 /* Debug */,
				D81896FD2492DE1200440DE0 /* Release */,
			);
			defaultConfigurationIsVisible = 0;
			defaultConfigurationName = Release;
		};
		D81896FE2492DE1200440DE0 /* Build configuration list for PBXNativeTarget "Logger" */ = {
			isa = XCConfigurationList;
			buildConfigurations = (
				D81896FF2492DE1200440DE0 /* Debug */,
				D81897002492DE1200440DE0 /* Release */,
			);
			defaultConfigurationIsVisible = 0;
			defaultConfigurationName = Release;
		};
/* End XCConfigurationList section */

/* Begin XCRemoteSwiftPackageReference section */
		D85F51D525DDD7ED00CA68F5 /* XCRemoteSwiftPackageReference "PartialSheet" */ = {
			isa = XCRemoteSwiftPackageReference;
			repositoryURL = "https://github.com/AndreaMiotto/PartialSheet";
			requirement = {
				branch = master;
				kind = branch;
			};
		};
/* End XCRemoteSwiftPackageReference section */

/* Begin XCSwiftPackageProductDependency section */
		D85F51D625DDD7ED00CA68F5 /* PartialSheet */ = {
			isa = XCSwiftPackageProductDependency;
			package = D85F51D525DDD7ED00CA68F5 /* XCRemoteSwiftPackageReference "PartialSheet" */;
			productName = PartialSheet;
		};
/* End XCSwiftPackageProductDependency section */
	};
	rootObject = D81896E22492DE1100440DE0 /* Project object */;
}
